Microsoft Visual Studio Solution File, Format Version 12.00
# Visual Studio Version 17
VisualStudioVersion = 17.5.2.0
MinimumVisualStudioVersion = 10.0.40219.1
Project("{2150E333-8FDC-42A3-9474-1A3956D46DE8}") = "backend", "backend", "{1AE8ACA6-933B-BF2A-3671-3E2EAC007D16}"
EndProject
Project("{FAE04EC0-301F-11D3-BF4B-00C04F79EFBC}") = "ChatApp.Tests", "ChatApp.Tests\ChatApp.Tests.csproj", "{07998453-F0DE-373F-A556-6F704120A8D2}"
EndProject
Project("{FAE04EC0-301F-11D3-BF4B-00C04F79EFBC}") = "ChatApp.Api", "backend\ChatApp.Api.csproj", "{82B07B71-1E25-95F0-6285-8FD4848126B5}"
EndProject
Global
	GlobalSection(SolutionConfigurationPlatforms) = preSolution
		Debug|Any CPU = Debug|Any CPU
		Release|Any CPU = Release|Any CPU
	EndGlobalSection
	GlobalSection(ProjectConfigurationPlatforms) = postSolution
		{07998453-F0DE-373F-A556-6F704120A8D2}.Debug|Any CPU.ActiveCfg = Debug|Any CPU
		{07998453-F0DE-373F-A556-6F704120A8D2}.Debug|Any CPU.Build.0 = Debug|Any CPU
		{07998453-F0DE-373F-A556-6F704120A8D2}.Release|Any CPU.ActiveCfg = Release|Any CPU
		{07998453-F0DE-373F-A556-6F704120A8D2}.Release|Any CPU.Build.0 = Release|Any CPU
		{82B07B71-1E25-95F0-6285-8FD4848126B5}.Debug|Any CPU.ActiveCfg = Debug|Any CPU
		{82B07B71-1E25-95F0-6285-8FD4848126B5}.Debug|Any CPU.Build.0 = Debug|Any CPU
		{82B07B71-1E25-95F0-6285-8FD4848126B5}.Release|Any CPU.ActiveCfg = Release|Any CPU
		{82B07B71-1E25-95F0-6285-8FD4848126B5}.Release|Any CPU.Build.0 = Release|Any CPU
	EndGlobalSection
	GlobalSection(SolutionProperties) = preSolution
		HideSolutionNode = FALSE
	EndGlobalSection
	GlobalSection(NestedProjects) = preSolution
		{82B07B71-1E25-95F0-6285-8FD4848126B5} = {1AE8ACA6-933B-BF2A-3671-3E2EAC007D16}
	EndGlobalSection
	GlobalSection(ExtensibilityGlobals) = postSolution
		SolutionGuid = {FE6C374B-0179-468B-AB66-1DD53B13574F}
	EndGlobalSection
EndGlobal
